
Microsoft Visual Studio Solution File, Format Version 12.00
# Visual Studio Version 17
VisualStudioVersion = 17.4.33213.308
MinimumVisualStudioVersion = 10.0.40219.1
Project("{FAE04EC0-301F-11D3-BF4B-00C04F79EFBC}") = "deliverable5_methods", "deliverable5_methods\deliverable5_methods.csproj", "{CC35428E-7B3A-44F7-9012-A3F58DD88966}"
EndProject
Global
	GlobalSection(SolutionConfigurationPlatforms) = preSolution
		Debug|Any CPU = Debug|Any CPU
		Release|Any CPU = Release|Any CPU
	EndGlobalSection
	GlobalSection(ProjectConfigurationPlatforms) = postSolution
		{CC35428E-7B3A-44F7-9012-A3F58DD88966}.Debug|Any CPU.ActiveCfg = Debug|Any CPU
		{CC35428E-7B3A-44F7-9012-A3F58DD88966}.Debug|Any CPU.Build.0 = Debug|Any CPU
		{CC35428E-7B3A-44F7-9012-A3F58DD88966}.Release|Any CPU.ActiveCfg = Release|Any CPU
		{CC35428E-7B3A-44F7-9012-A3F58DD88966}.Release|Any CPU.Build.0 = Release|Any CPU
	EndGlobalSection
	GlobalSection(SolutionProperties) = preSolution
		HideSolutionNode = FALSE
	EndGlobalSection
	GlobalSection(ExtensibilityGlobals) = postSolution
		SolutionGuid = {6249DF3C-CD66-4697-8650-7D01786E8479}
	EndGlobalSection
EndGlobal
